<?xml version="1.0" encoding="utf-8"?>
<Project ToolsVersion="4.0" xmlns="http://schemas.microsoft.com/developer/msbuild/2003">
  <ItemGroup>
    <Filter Include="Source Files">
      <UniqueIdentifier>{4FC737F1-C7A5-4376-A066-2A32D752A2FF}</UniqueIdentifier>
      <Extensions>cpp;c;cc;cxx;def;odl;idl;hpj;bat;asm;asmx</Extensions>
    </Filter>
    <Filter Include="Header Files">
      <UniqueIdentifier>{93995380-89BD-4b04-88EB-625FBE52EBFB}</UniqueIdentifier>
      <Extensions>h;hh;hpp;hxx;hm;inl;inc;xsd</Extensions>
    </Filter>
    <Filter Include="Resource Files">
      <UniqueIdentifier>{67DA6AB6-F800-4c08-8B7A-83BB121AAD01}</UniqueIdentifier>
      <Extensions>rc;ico;cur;bmp;dlg;rc2;rct;bin;rgs;gif;jpg;jpeg;jpe;resx;tiff;tif;png;wav;mfcribbon-ms</Extensions>
    </Filter>
    <Filter Include="Done">
      <UniqueIdentifier>{d219067d-e0ea-402a-81e9-c35db49befe0}</UniqueIdentifier>
    </Filter>
  </ItemGroup>
  <ItemGroup>
    <Text Include="ReadMe.txt" />
  </ItemGroup>
  <ItemGroup>
    <ClInclude Include="stdafx.h">
      <Filter>Header Files</Filter>
    </ClInclude>
    <ClInclude Include="targetver.h">
      <Filter>Header Files</Filter>
    </ClInclude>
    <ClInclude Include="SortAndSearchQuestions.h">
      <Filter>Source Files</Filter>
    </ClInclude>
    <ClInclude Include="ArrayAndPointer.h">
      <Filter>Done</Filter>
    </ClInclude>
    <ClInclude Include="Solve.h">
      <Filter>Done</Filter>
    </ClInclude>
    <ClInclude Include="Recursion.h">
      <Filter>Done</Filter>
    </ClInclude>
    <ClInclude Include="XORDoublyLinkedList.h">
      <Filter>Done</Filter>
    </ClInclude>
    <ClInclude Include="SinglyLinkedList.h">
      <Filter>Done</Filter>
    </ClInclude>
    <ClInclude Include="CircularLinkedList.h">
      <Filter>Done</Filter>
    </ClInclude>
    <ClInclude Include="DoublyLinkedList.h">
      <Filter>Done</Filter>
    </ClInclude>
    <ClInclude Include="LinkedListQuestions.h">
      <Filter>Done</Filter>
    </ClInclude>
    <ClInclude Include="GenericTreeQuestions.h">
      <Filter>Done</Filter>
    </ClInclude>
    <ClInclude Include="Trees.h">
      <Filter>Done</Filter>
    </ClInclude>
    <ClInclude Include="GraphQuestions.h">
      <Filter>Done</Filter>
    </ClInclude>
    <ClInclude Include="TreeQuestions.h">
      <Filter>Done</Filter>
    </ClInclude>
    <ClInclude Include="HashTable.h">
      <Filter>Done</Filter>
    </ClInclude>
    <ClInclude Include="Queue.h">
      <Filter>Done</Filter>
    </ClInclude>
    <ClInclude Include="Stack.h">
      <Filter>Done</Filter>
    </ClInclude>
    <ClInclude Include="BinarySearchTreeQuestions.h">
      <Filter>Done</Filter>
    </ClInclude>
    <ClInclude Include="QueueQuestions.h">
      <Filter>Done</Filter>
    </ClInclude>
    <ClInclude Include="StackQuestions.h">
      <Filter>Done</Filter>
    </ClInclude>
    <ClInclude Include="Heap.h">
      <Filter>Done</Filter>
    </ClInclude>
    <ClInclude Include="HeapQuestions.h">
      <Filter>Done</Filter>
    </ClInclude>
    <ClInclude Include="StringQuestions.h">
      <Filter>Done</Filter>
    </ClInclude>
  </ItemGroup>
  <ItemGroup>
    <ClCompile Include="stdafx.cpp">
      <Filter>Done</Filter>
    </ClCompile>
    <ClCompile Include="Coding.cpp">
      <Filter>Done</Filter>
    </ClCompile>
  </ItemGroup>
</Project>